
Microsoft Visual Studio Solution File, Format Version 12.00
# Visual Studio 15
VisualStudioVersion = 15.0.27428.2002
MinimumVisualStudioVersion = 10.0.40219.1
Project("{8BC9CEB8-8B4A-11D0-8D11-00A0C91BC942}") = "LCD", "LCD.vcxproj", "{C5F80730-F44F-4478-BDAE-6634EFC2CA88}"
EndProject
Project("{8BC9CEB8-8B4A-11D0-8D11-00A0C91BC942}") = "LcdMenuTemplate", "..\..\..\Downloads\LcdMenuTemplate\LcdMenuTemplate\LcdMenuTemplate.vcxproj", "{B595DCC7-DC1A-4F8E-9BB8-99E8F7C0BCA9}"
EndProject
Global
	GlobalSection(SolutionConfigurationPlatforms) = preSolution
		Debug|x86 = Debug|x86
		Release|x86 = Release|x86
	EndGlobalSection
	GlobalSection(ProjectConfigurationPlatforms) = postSolution
		{C5F80730-F44F-4478-BDAE-6634EFC2CA88}.Debug|x86.ActiveCfg = Debug|Win32
		{C5F80730-F44F-4478-BDAE-6634EFC2CA88}.Debug|x86.Build.0 = Debug|Win32
		{C5F80730-F44F-4478-BDAE-6634EFC2CA88}.Release|x86.ActiveCfg = Release|Win32
		{C5F80730-F44F-4478-BDAE-6634EFC2CA88}.Release|x86.Build.0 = Release|Win32
		{B595DCC7-DC1A-4F8E-9BB8-99E8F7C0BCA9}.Debug|x86.ActiveCfg = Debug|Win32
		{B595DCC7-DC1A-4F8E-9BB8-99E8F7C0BCA9}.Debug|x86.Build.0 = Debug|Win32
		{B595DCC7-DC1A-4F8E-9BB8-99E8F7C0BCA9}.Release|x86.ActiveCfg = Release|Win32
		{B595DCC7-DC1A-4F8E-9BB8-99E8F7C0BCA9}.Release|x86.Build.0 = Release|Win32
	EndGlobalSection
	GlobalSection(SolutionProperties) = preSolution
		HideSolutionNode = FALSE
	EndGlobalSection
	GlobalSection(ExtensibilityGlobals) = postSolution
		SolutionGuid = {D118D19F-7B09-489F-87D7-1A7627B7D05B}
	EndGlobalSection
EndGlobal
